[33mcommit 15f45a8d749ebab00bf11f074fa160b289dea225[m
Merge: dc28906 8b7d320
Author: AyameOtani <tky2502015@stu.o-hara.ac.jp>
Date:   Mon Oct 5 14:51:35 2026 +0900

    テキスト変更のマージ

[1mdiff --cc DxLesson.vcxproj.filters[m
[1mindex 42d1179,a9f2263..a650f47[m
[1m--- a/DxLesson.vcxproj.filters[m
[1m+++ b/DxLesson.vcxproj.filters[m
[36m@@@ -135,14 -135,17 +135,25 @@@[m
      <ClCompile Include="Source\Player.cpp">[m
        <Filter>ソース ファイル</Filter>[m
      </ClCompile>[m
[32m++<<<<<<< HEAD[m
[32m++=======[m
[32m+     <ClCompile Include="Source\Background.cpp">[m
[32m+       <Filter>ソース ファイル</Filter>[m
[32m+     </ClCompile>[m
[32m++>>>>>>> A_Text[m
      <ClCompile Include="Source\PlayerAnimState.cpp">[m
        <Filter>ソース ファイル</Filter>[m
      </ClCompile>[m
      <ClCompile Include="Source\TestScene.cpp">[m
        <Filter>ソース ファイル</Filter>[m
      </ClCompile>[m
[32m++<<<<<<< HEAD[m
[32m +    <ClCompile Include="Source\NeedleTrap.cpp">[m
[32m +      <Filter>ソース ファイル</Filter>[m
[32m++=======[m
[32m+     <ClCompile Include="Source\DrawFrame.cpp">[m
[32m+       <Filter>ソース ファイル\Scene系</Filter>[m
[32m++>>>>>>> A_Text[m
      </ClCompile>[m
    </ItemGroup>[m
    <ItemGroup>[m
[36m@@@ -257,13 -260,16 +268,23 @@@[m
      <ClInclude Include="Source\LoseResultScene.h">[m
        <Filter>ヘッダー ファイル</Filter>[m
      </ClInclude>[m
[32m++<<<<<<< HEAD[m
[32m++=======[m
[32m+     <ClInclude Include="Source\Background.h">[m
[32m+       <Filter>ヘッダー ファイル</Filter>[m
[32m+     </ClInclude>[m
[32m++>>>>>>> A_Text[m
      <ClInclude Include="Source\PlayerAnimState.h">[m
        <Filter>ヘッダー ファイル</Filter>[m
      </ClInclude>[m
      <ClInclude Include="Source\TestScene.h">[m
        <Filter>ヘッダー ファイル</Filter>[m
      </ClInclude>[m
[32m++<<<<<<< HEAD[m
[32m +    <ClInclude Include="Source\NeedleTrap.h">[m
[32m++=======[m
[32m+     <ClInclude Include="Source\DrawFrame.h">[m
[32m++>>>>>>> A_Text[m
        <Filter>ヘッダー ファイル</Filter>[m
      </ClInclude>[m
    </ItemGroup>[m
