[33mcommit 485c636e0f11c30cdcd0fedf008291aad216ae3d[m
Author: AyameOtani <tky2502015@stu.o-hara.ac.jp>
Date:   Mon Oct 5 14:51:57 2026 +0900

    Revert "テキスト変更のマージ"
    
    This reverts commit 15f45a8d749ebab00bf11f074fa160b289dea225, reversing
    changes made to dc289069c46d4032adb93aa4a42dd2e79c29fe1a.

[33mcommit 15f45a8d749ebab00bf11f074fa160b289dea225[m
Merge: dc28906 8b7d320
Author: AyameOtani <tky2502015@stu.o-hara.ac.jp>
Date:   Mon Oct 5 14:51:35 2026 +0900

    テキスト変更のマージ

[33mcommit 8b7d32091eb3abfa919068a6ff565bbfbe7091c3[m
Author: AyameOtani <tky2502015@stu.o-hara.ac.jp>
Date:   Mon Oct 5 14:50:43 2026 +0900

    描画順番を変更
    
    隠れてしまうものなどの順序を正確にした。また、マジックナンバーを定数にした。

[33mcommit e035bea3fc27eed0a5963e6a21fbba072f256afe[m
Author: AyameOtani <tky2502015@stu.o-hara.ac.jp>
Date:   Mon Oct 5 12:55:26 2026 +0900

    フレーム描画のクラスを実装

[33mcommit 2cc2e0fe83a4f27ffb4b01eef63f1625b3a7c45d[m
Author: YamadaMotomi0223 <tky2502057@stu.o-hara.ac.jp>
Date:   Thu Oct 1 11:00:35 2026 +0900

    針のギミック。２種類
    
    地面に埋めるタイプと飛び越えたらさしてくるタイプ

[33mcommit 0e5dbfef3888a074329d0a2b7b69a792dc6ef58b[m
Author: YamadaMotomi0223 <tky2502057@stu.o-hara.ac.jp>
Date:   Tue Sep 29 14:39:20 2026 +0900

    テスト用のシーン作成
    
    ギミックはこれから

[33mcommit 366baa39f954b49b9c2ec589b32535c51718526d[m
Author: AyameOtani <tky2502015@stu.o-hara.ac.jp>
Date:   Fri Sep 25 10:41:52 2026 +0900

    背景画像のスクロールクラスの追加

[33mcommit 216b69fbd95dffb74aee772c8ed7a2b3d978c336[m
Author: AyameOtani <tky2502015@stu.o-hara.ac.jp>
Date:   Fri Sep 25 10:12:26 2026 +0900

    プレイヤーの残機の作成、敗北シーンの作成

[33mcommit c77babd32627eef236aae2155b869a7bfd29bf9c[m
Author: AyameOtani <tky2502015@stu.o-hara.ac.jp>
Date:   Thu Sep 24 12:04:18 2026 +0900

    落下判定を別にした。fallDeathControllerというクラスを作成。
    
    プレイヤーが冗長なコードになってしまうため。

[33mcommit 66e24c228a2240637d61e4e65a976a04492f7117[m
Author: AyameOtani <tky2502015@stu.o-hara.ac.jp>
Date:   Thu Sep 24 10:39:02 2026 +0900

    デバッグ表示用の関数を各cppに作成。
    
    チュートリアルテキストのステップの取得のやり方をgetCurrentStepに共通化して取得しやすくした。
    マップの画像を正規っぽく変更
    マップのスクロールスピードを4に変更した。これにより今のプレイヤーとの速さはあう。

[33mcommit 69c685116116c62d3c90689b66879315927794ed[m
Author: AyameOtani <tky2502015@stu.o-hara.ac.jp>
Date:   Fri Sep 18 10:56:47 2026 +0900

    GameManagerの修正

[33mcommit 895a4a178969ddb292385d1ba5071b1b47449bbf[m
Author: AyameOtani <tky2502015@stu.o-hara.ac.jp>
Date:   Fri Sep 18 10:30:57 2026 +0900

    描画方法を変更した。

[33mcommit 4432667a63c4e68587894992e58daffa7d16bd8e[m
Author: AyameOtani <tky2502015@stu.o-hara.ac.jp>
Date:   Fri Sep 18 00:52:30 2026 +0900

    スクロールの追加　まだ当たり判定は実装していない。

[33mcommit f08d111b29bba6e268b52208fa151cebcde7642e[m
Author: AyameOtani <tky2502015@stu.o-hara.ac.jp>
Date:   Thu Sep 17 00:34:06 2026 +0900

    マップの当たり判定の修正をした。

[33mcommit ca4769facf459ecf152d5cca4f0e3f5d3f0a42d2[m
Author: AyameOtani <tky2502015@stu.o-hara.ac.jp>
Date:   Wed Sep 16 20:04:22 2026 +0900

    マップの修正

[33mcommit de4aa72a611f5532c05fadc4dd799e6110813f66[m
Author: AyameOtani <tky2502015@stu.o-hara.ac.jp>
Date:   Wed Sep 16 11:52:05 2026 +0900

    ダメージ処理の追加

[33mcommit d6ab34604658e568b05d9078c29382974ddff41f[m
Author: AyameOtani <tky2502015@stu.o-hara.ac.jp>
Date:   Tue Sep 15 13:21:54 2026 +0900

    ブロックマップに草の画像を適用
    
    プレイヤーの当たり判定を小さくして足元が靴で隠れるように調整

[33mcommit 2e5cb1969e1d61bb4efa1a718d8b288b4cf18ec0[m
Author: AyameOtani <tky2502015@stu.o-hara.ac.jp>
Date:   Tue Sep 15 11:21:48 2026 +0900

    命名規則の統一

[33mcommit db6d3333d7f7ae4160d55c1d586c387c443c2095[m
Author: AyameOtani <tky2502015@stu.o-hara.ac.jp>
Date:   Fri Sep 11 14:39:25 2026 +0900

    fileのエラーを修正

[33mcommit 669fb1ed37fa4149065856bfbe8c5b0f9c0b5241[m
Author: AyameOtani <tky2502015@stu.o-hara.ac.jp>
Date:   Fri Sep 11 14:27:30 2026 +0900

    マージ

[33mcommit 35e509d367a65ebb588d35ceac819e2ffd3bef48[m[33m ([m[1;31morigin/Ayame[m[33m, [m[1;32mAyame[m[33m)[m
Author: AyameOtani <tky2502015@stu.o-hara.ac.jp>
Date:   Fri Sep 11 01:12:53 2026 +0900

    ブロックの読み込み方法を変更して、透過している部分は読み込まないように変更
    
    Playerなどの重力処理や当たり判定をCharacterの.cppにまとめた。これはEnemyなどにも使える予定です。

[33mcommit 13204d096e9e66042fd9d931629628cf2b64eff9[m
Author: YamadaMotomi0223 <tky2502057@stu.o-hara.ac.jp>
Date:   Thu Sep 10 14:08:49 2026 +0900

    ステージセレクト画面を作成
    
    すべて座標で管理しているので画像がさし変わったりするとまた変更が必要

[33mcommit 54a559b99c5d4a299daeda9fd79ccf72456fc7eb[m
Author: YamadaMotomi0223 <tky2502057@stu.o-hara.ac.jp>
Date:   Thu Sep 10 09:49:41 2026 +0900

    当たり判定の確認。Enemyクラスにサンプルの敵を作成
    
    画像の大きさそのまま四角形の当たり判定にしただけなのでおいおい調整

[33mcommit 127f5017d977442ff56ca65ee81f147da817dab4[m
Author: AyameOtani <tky2502015@stu.o-hara.ac.jp>
Date:   Wed Sep 9 22:40:16 2026 +0900

    テキストを一文字ずつ表示するための処理を追加した。
    
    tutorialmanagerのコードを変更した、。

[33mcommit b409dbb958fe7de83a00d3efbca3a37078bd8c8c[m
Author: AyameOtani <tky2502015@stu.o-hara.ac.jp>
Date:   Wed Sep 9 14:28:42 2026 +0900

    ソリューションエクスプローラーのフォルダ分けを修正した。

[33mcommit c82f8c3acbc7689070338dfb2209068fb6851e70[m
Author: YamadaMotomi0223 <tky2502057@stu.o-hara.ac.jp>
Date:   Tue Sep 8 12:17:15 2026 +0900

    プレイヤーの動きを実装
    
    まだ簡易的なもの。後々ちゃんとしたものに詰めようと思う。

[33mcommit afc6b66e2e9e11eddfb5c538e0ebc7d02d93d9f6[m
Author: AyameOtani <tky2502015@stu.o-hara.ac.jp>
Date:   Tue Sep 8 09:47:31 2026 +0900

    ゲームシーンの作成
    
    画面だけ表示されるようにした。
    Enterキーで遷移する。

[33mcommit 90f6931cca205519708c2da54e672bfd46ced058[m
Author: YamadaMotomi0223 <tky2502057@stu.o-hara.ac.jp>
Date:   Fri Sep 4 09:50:06 2026 +0900

    Initial commit
